
Microsoft Visual Studio Solution File, Format Version 12.00
# Visual Studio Version 16
VisualStudioVersion = 16.0.810.20
MinimumVisualStudioVersion = 10.0.40219.1
Project("{FAE04EC0-301F-11D3-BF4B-00C04F79EFBC}") = "Csharp.Experiment", "Csharp.Experiment\Csharp.Experiment.csproj", "{644B7B56-49CA-485C-B70A-7E1F956F93B3}"
EndProject
Project("{FAE04EC0-301F-11D3-BF4B-00C04F79EFBC}") = "Csharp.Experiment.Tests", "Csharp.Experiment.Tests\Csharp.Experiment.Tests.csproj", "{63A49D3E-718A-4CAE-99E6-1FFDD61092B9}"
EndProject
Global
	GlobalSection(SolutionConfigurationPlatforms) = preSolution
		Debug|Any CPU = Debug|Any CPU
		Release|Any CPU = Release|Any CPU
	EndGlobalSection
	GlobalSection(ProjectConfigurationPlatforms) = postSolution
		{644B7B56-49CA-485C-B70A-7E1F956F93B3}.Debug|Any CPU.ActiveCfg = Debug|Any CPU
		{644B7B56-49CA-485C-B70A-7E1F956F93B3}.Debug|Any CPU.Build.0 = Debug|Any CPU
		{644B7B56-49CA-485C-B70A-7E1F956F93B3}.Release|Any CPU.ActiveCfg = Release|Any CPU
		{644B7B56-49CA-485C-B70A-7E1F956F93B3}.Release|Any CPU.Build.0 = Release|Any CPU
		{63A49D3E-718A-4CAE-99E6-1FFDD61092B9}.Debug|Any CPU.ActiveCfg = Debug|Any CPU
		{63A49D3E-718A-4CAE-99E6-1FFDD61092B9}.Debug|Any CPU.Build.0 = Debug|Any CPU
		{63A49D3E-718A-4CAE-99E6-1FFDD61092B9}.Release|Any CPU.ActiveCfg = Release|Any CPU
		{63A49D3E-718A-4CAE-99E6-1FFDD61092B9}.Release|Any CPU.Build.0 = Release|Any CPU
	EndGlobalSection
	GlobalSection(SolutionProperties) = preSolution
		HideSolutionNode = FALSE
	EndGlobalSection
	GlobalSection(ExtensibilityGlobals) = postSolution
		SolutionGuid = {BDA26099-90CC-4EE6-98DF-DCD8E2D33FCE}
	EndGlobalSection
EndGlobal
